
Microsoft Visual Studio Solution File, Format Version 12.00
# Visual Studio 14
VisualStudioVersion = 14.0.25420.1
MinimumVisualStudioVersion = 10.0.40219.1
Project("{FAE04EC0-301F-11D3-BF4B-00C04F79EFBC}") = "Kivetelek", "Kivetelek\Kivetelek.csproj", "{23FF4F98-7E3B-4732-AE05-1B2B1070C120}"
EndProject
Project("{FAE04EC0-301F-11D3-BF4B-00C04F79EFBC}") = "Memoria", "Memoria\Memoria.csproj", "{F3309D1F-70ED-44CB-B8D3-22F00A501D4E}"
EndProject
Global
	GlobalSection(SolutionConfigurationPlatforms) = preSolution
		Debug|Any CPU = Debug|Any CPU
		Release|Any CPU = Release|Any CPU
	EndGlobalSection
	GlobalSection(ProjectConfigurationPlatforms) = postSolution
		{23FF4F98-7E3B-4732-AE05-1B2B1070C120}.Debug|Any CPU.ActiveCfg = Debug|Any CPU
		{23FF4F98-7E3B-4732-AE05-1B2B1070C120}.Debug|Any CPU.Build.0 = Debug|Any CPU
		{23FF4F98-7E3B-4732-AE05-1B2B1070C120}.Release|Any CPU.ActiveCfg = Release|Any CPU
		{23FF4F98-7E3B-4732-AE05-1B2B1070C120}.Release|Any CPU.Build.0 = Release|Any CPU
		{F3309D1F-70ED-44CB-B8D3-22F00A501D4E}.Debug|Any CPU.ActiveCfg = Debug|Any CPU
		{F3309D1F-70ED-44CB-B8D3-22F00A501D4E}.Debug|Any CPU.Build.0 = Debug|Any CPU
		{F3309D1F-70ED-44CB-B8D3-22F00A501D4E}.Release|Any CPU.ActiveCfg = Release|Any CPU
		{F3309D1F-70ED-44CB-B8D3-22F00A501D4E}.Release|Any CPU.Build.0 = Release|Any CPU
	EndGlobalSection
	GlobalSection(SolutionProperties) = preSolution
		HideSolutionNode = FALSE
	EndGlobalSection
EndGlobal
